
Microsoft Visual Studio Solution File, Format Version 12.00
# Visual Studio 2013
VisualStudioVersion = 12.0.30110.0
MinimumVisualStudioVersion = 10.0.40219.1
Project("{FAE04EC0-301F-11D3-BF4B-00C04F79EFBC}") = "PlaylistSaver", "PlaylistSaver\PlaylistSaver.csproj", "{E700D3E2-7C59-4C68-8A83-87812B53154F}"
EndProject
Project("{FAE04EC0-301F-11D3-BF4B-00C04F79EFBC}") = "PlaylistSaver.Core", "PlaylistSaver.Core\PlaylistSaver.Core.csproj", "{5A0C4F78-7759-48FE-ACC6-6DE99D371487}"
EndProject
Project("{FAE04EC0-301F-11D3-BF4B-00C04F79EFBC}") = "PlaylistSaver.Radio.Njoy", "PlaylistSaver.Radio.Njoy\PlaylistSaver.Radio.Njoy.csproj", "{2D3D327D-0F8D-438D-9276-1C23924C2599}"
EndProject
Project("{FAE04EC0-301F-11D3-BF4B-00C04F79EFBC}") = "PlaylistSaver.Radio.Ffn", "PlaylistSaver.Radio.Ffn\PlaylistSaver.Radio.Ffn.csproj", "{5F7A45D1-C179-4695-BEC4-F383E4887DDA}"
EndProject
Project("{2150E333-8FDC-42A3-9474-1A3956D46DE8}") = "Radios", "Radios", "{500C7B16-D169-4751-BEAD-CAEF14B614D2}"
EndProject
Project("{FAE04EC0-301F-11D3-BF4B-00C04F79EFBC}") = "PlaylistSaver.Radio.890Rtl", "PlaylistSaver.Radio.890Rtl\PlaylistSaver.Radio.890Rtl.csproj", "{F268B93C-9115-47D8-86F9-F1718B9FF2E1}"
EndProject
Project("{FAE04EC0-301F-11D3-BF4B-00C04F79EFBC}") = "PlaylistSaver.Radio.Planet", "PlaylistSaver.Radio.Planet\PlaylistSaver.Radio.Planet.csproj", "{994120A6-44F5-4010-9B6A-FB9E762D497A}"
EndProject
Project("{2150E333-8FDC-42A3-9474-1A3956D46DE8}") = "Storage", "Storage", "{AF78D908-1C11-4EB4-A274-6FCD7086EDCE}"
EndProject
Project("{FAE04EC0-301F-11D3-BF4B-00C04F79EFBC}") = "PlaylistSaver.Storage.NDatabase", "PlaylistSaver.Storage.NDatabase\PlaylistSaver.Storage.NDatabase.csproj", "{6B89AD01-55C9-412D-BEC9-9E9FA19D5804}"
EndProject
Project("{2150E333-8FDC-42A3-9474-1A3956D46DE8}") = "Helpers", "Helpers", "{53349BE5-BA36-4B69-8E83-C79A338E14CA}"
EndProject
Project("{FAE04EC0-301F-11D3-BF4B-00C04F79EFBC}") = "PlaylistSaver.Radio.Helpers.Playlistbase", "PlaylistSaver.Radio.Helpers.Playlistbase\PlaylistSaver.Radio.Helpers.Playlistbase.csproj", "{D5E8E676-F18F-4E35-A9CD-FC63C4E2F060}"
EndProject
Project("{FAE04EC0-301F-11D3-BF4B-00C04F79EFBC}") = "PlaylistSaver.Radio.Hr1", "PlaylistSaver.Radio.Hr1\PlaylistSaver.Radio.Hr1.csproj", "{76C228C1-BEE9-46E5-8F1E-A90D5641A14B}"
EndProject
Project("{FAE04EC0-301F-11D3-BF4B-00C04F79EFBC}") = "PlaylistSaver.Radio.Hr2", "PlaylistSaver.Radio.Hr2\PlaylistSaver.Radio.Hr2.csproj", "{A0108BD1-C398-4105-A6EB-7ECC5E39133E}"
EndProject
Project("{FAE04EC0-301F-11D3-BF4B-00C04F79EFBC}") = "PlaylistSaver.Radio.1Live", "PlaylistSaver.Radio.1Live\PlaylistSaver.Radio.1Live.csproj", "{75906AF1-35A6-4C37-8847-C66498727C8A}"
EndProject
Project("{FAE04EC0-301F-11D3-BF4B-00C04F79EFBC}") = "PlaylistSaver.Radio.AntenneBayern", "PlaylistSaver.Radio.AntenneBayern\PlaylistSaver.Radio.AntenneBayern.csproj", "{AE38623B-0038-4D2B-AE92-16BD6B0C6F3A}"
EndProject
Project("{FAE04EC0-301F-11D3-BF4B-00C04F79EFBC}") = "PlaylistSaver.Radio.Bayern1", "PlaylistSaver.Radio.Bayern1\PlaylistSaver.Radio.Bayern1.csproj", "{A99C208A-8E28-4B2C-8DC4-A96DB586FB22}"
EndProject
Project("{FAE04EC0-301F-11D3-BF4B-00C04F79EFBC}") = "PlaylistSaver.Radio.Hr3", "PlaylistSaver.Radio.Hr3\PlaylistSaver.Radio.Hr3.csproj", "{24BA2806-70AD-4795-9FC3-114EB1FD1033}"
EndProject
Project("{FAE04EC0-301F-11D3-BF4B-00C04F79EFBC}") = "PlaylistSaver.Radio.Hr4", "PlaylistSaver.Radio.Hr4\PlaylistSaver.Radio.Hr4.csproj", "{2C05BB29-3ECC-4ABB-9EBC-CCD70F80DDE3}"
EndProject
Project("{FAE04EC0-301F-11D3-BF4B-00C04F79EFBC}") = "PlaylistSaver.Radio.Jump", "PlaylistSaver.Radio.Jump\PlaylistSaver.Radio.Jump.csproj", "{B43C6686-8082-48F2-9CD8-F5554DE93187}"
EndProject
Project("{FAE04EC0-301F-11D3-BF4B-00C04F79EFBC}") = "PlaylistSaver.Radio.Ndr1", "PlaylistSaver.Radio.Ndr1\PlaylistSaver.Radio.Ndr1.csproj", "{2B700542-BDD0-4366-B899-D656AD469F9D}"
EndProject
Project("{FAE04EC0-301F-11D3-BF4B-00C04F79EFBC}") = "PlaylistSaver.Radio.Ndr2", "PlaylistSaver.Radio.Ndr2\PlaylistSaver.Radio.Ndr2.csproj", "{BAB2C1B4-8346-4635-B96A-4908C3F4C8C2}"
EndProject
Project("{FAE04EC0-301F-11D3-BF4B-00C04F79EFBC}") = "PlaylistSaver.Radio.RadioHamburg", "PlaylistSaver.Radio.RadioHamburg\PlaylistSaver.Radio.RadioHamburg.csproj", "{4F587C9F-9611-4DEC-8A23-5296478BDCDE}"
EndProject
Project("{FAE04EC0-301F-11D3-BF4B-00C04F79EFBC}") = "PlaylistSaver.Radio.Swr3", "PlaylistSaver.Radio.Swr3\PlaylistSaver.Radio.Swr3.csproj", "{41F88D0A-C856-4A26-AD6B-3722039DDA29}"
EndProject
Project("{FAE04EC0-301F-11D3-BF4B-00C04F79EFBC}") = "PlaylistSaver.Radio.WDR2", "PlaylistSaver.Radio.WDR2\PlaylistSaver.Radio.WDR2.csproj", "{2145A838-3E79-4F63-BC9E-67126F24DC79}"
EndProject
Project("{FAE04EC0-301F-11D3-BF4B-00C04F79EFBC}") = "PlaylistSaver.Radio.YouFm", "PlaylistSaver.Radio.YouFm\PlaylistSaver.Radio.YouFm.csproj", "{9B8D557F-993A-4814-A2BC-E032663BE085}"
EndProject
Project("{FAE04EC0-301F-11D3-BF4B-00C04F79EFBC}") = "PlaylistSaver.Radio.KissFm", "PlaylistSaver.Radio.KissFm\PlaylistSaver.Radio.KissFm.csproj", "{15999BEA-4E2A-47BA-8404-E11371A83912}"
EndProject
Project("{FAE04EC0-301F-11D3-BF4B-00C04F79EFBC}") = "PlaylistSaver.Radio.SunshineLive", "PlaylistSaver.Radio.SunshineLive\PlaylistSaver.Radio.SunshineLive.csproj", "{8718944A-302B-4679-98ED-0C5966F21547}"
EndProject
Project("{FAE04EC0-301F-11D3-BF4B-00C04F79EFBC}") = "PlaylistSaver.Radio.Radioeins", "PlaylistSaver.Radio.Radioeins\PlaylistSaver.Radio.Radioeins.csproj", "{0F586FC0-7F0D-43F4-A44B-0B98EFDE9C7D}"
EndProject
Project("{FAE04EC0-301F-11D3-BF4B-00C04F79EFBC}") = "PlaylistSaver.Radio.BremenEins", "PlaylistSaver.Radio.BremenEins\PlaylistSaver.Radio.BremenEins.csproj", "{EB018F77-572F-47D9-AC04-FB2E7EFBDCDB}"
EndProject
Project("{FAE04EC0-301F-11D3-BF4B-00C04F79EFBC}") = "PlaylistSaver.Storage.NHibernate", "PlaylistSaver.Storage.NHibernate\PlaylistSaver.Storage.NHibernate.csproj", "{337AD931-0D17-472F-BF8E-6C1687A10673}"
EndProject
Project("{FAE04EC0-301F-11D3-BF4B-00C04F79EFBC}") = "PlaylistSaver.Radio.Helpers.Basic", "PlaylistSaver.Radio.Helpers.Basic\PlaylistSaver.Radio.Helpers.Basic.csproj", "{FBB0B85B-8F92-44FE-9142-B413430DE7C8}"
EndProject
Global
	GlobalSection(SolutionConfigurationPlatforms) = preSolution
		Debug|Any CPU = Debug|Any CPU
		Release|Any CPU = Release|Any CPU
	EndGlobalSection
	GlobalSection(ProjectConfigurationPlatforms) = postSolution
		{E700D3E2-7C59-4C68-8A83-87812B53154F}.Debug|Any CPU.ActiveCfg = Debug|Any CPU
		{E700D3E2-7C59-4C68-8A83-87812B53154F}.Debug|Any CPU.Build.0 = Debug|Any CPU
		{E700D3E2-7C59-4C68-8A83-87812B53154F}.Release|Any CPU.ActiveCfg = Release|Any CPU
		{E700D3E2-7C59-4C68-8A83-87812B53154F}.Release|Any CPU.Build.0 = Release|Any CPU
		{5A0C4F78-7759-48FE-ACC6-6DE99D371487}.Debug|Any CPU.ActiveCfg = Debug|Any CPU
		{5A0C4F78-7759-48FE-ACC6-6DE99D371487}.Debug|Any CPU.Build.0 = Debug|Any CPU
		{5A0C4F78-7759-48FE-ACC6-6DE99D371487}.Release|Any CPU.ActiveCfg = Release|Any CPU
		{5A0C4F78-7759-48FE-ACC6-6DE99D371487}.Release|Any CPU.Build.0 = Release|Any CPU
		{2D3D327D-0F8D-438D-9276-1C23924C2599}.Debug|Any CPU.ActiveCfg = Debug|Any CPU
		{2D3D327D-0F8D-438D-9276-1C23924C2599}.Debug|Any CPU.Build.0 = Debug|Any CPU
		{2D3D327D-0F8D-438D-9276-1C23924C2599}.Release|Any CPU.ActiveCfg = Release|Any CPU
		{2D3D327D-0F8D-438D-9276-1C23924C2599}.Release|Any CPU.Build.0 = Release|Any CPU
		{5F7A45D1-C179-4695-BEC4-F383E4887DDA}.Debug|Any CPU.ActiveCfg = Debug|Any CPU
		{5F7A45D1-C179-4695-BEC4-F383E4887DDA}.Debug|Any CPU.Build.0 = Debug|Any CPU
		{5F7A45D1-C179-4695-BEC4-F383E4887DDA}.Release|Any CPU.ActiveCfg = Release|Any CPU
		{5F7A45D1-C179-4695-BEC4-F383E4887DDA}.Release|Any CPU.Build.0 = Release|Any CPU
		{F268B93C-9115-47D8-86F9-F1718B9FF2E1}.Debug|Any CPU.ActiveCfg = Debug|Any CPU
		{F268B93C-9115-47D8-86F9-F1718B9FF2E1}.Debug|Any CPU.Build.0 = Debug|Any CPU
		{F268B93C-9115-47D8-86F9-F1718B9FF2E1}.Release|Any CPU.ActiveCfg = Release|Any CPU
		{F268B93C-9115-47D8-86F9-F1718B9FF2E1}.Release|Any CPU.Build.0 = Release|Any CPU
		{994120A6-44F5-4010-9B6A-FB9E762D497A}.Debug|Any CPU.ActiveCfg = Debug|Any CPU
		{994120A6-44F5-4010-9B6A-FB9E762D497A}.Debug|Any CPU.Build.0 = Debug|Any CPU
		{994120A6-44F5-4010-9B6A-FB9E762D497A}.Release|Any CPU.ActiveCfg = Release|Any CPU
		{994120A6-44F5-4010-9B6A-FB9E762D497A}.Release|Any CPU.Build.0 = Release|Any CPU
		{6B89AD01-55C9-412D-BEC9-9E9FA19D5804}.Debug|Any CPU.ActiveCfg = Debug|Any CPU
		{6B89AD01-55C9-412D-BEC9-9E9FA19D5804}.Debug|Any CPU.Build.0 = Debug|Any CPU
		{6B89AD01-55C9-412D-BEC9-9E9FA19D5804}.Release|Any CPU.ActiveCfg = Release|Any CPU
		{6B89AD01-55C9-412D-BEC9-9E9FA19D5804}.Release|Any CPU.Build.0 = Release|Any CPU
		{D5E8E676-F18F-4E35-A9CD-FC63C4E2F060}.Debug|Any CPU.ActiveCfg = Debug|Any CPU
		{D5E8E676-F18F-4E35-A9CD-FC63C4E2F060}.Debug|Any CPU.Build.0 = Debug|Any CPU
		{D5E8E676-F18F-4E35-A9CD-FC63C4E2F060}.Release|Any CPU.ActiveCfg = Release|Any CPU
		{D5E8E676-F18F-4E35-A9CD-FC63C4E2F060}.Release|Any CPU.Build.0 = Release|Any CPU
		{76C228C1-BEE9-46E5-8F1E-A90D5641A14B}.Debug|Any CPU.ActiveCfg = Debug|Any CPU
		{76C228C1-BEE9-46E5-8F1E-A90D5641A14B}.Debug|Any CPU.Build.0 = Debug|Any CPU
		{76C228C1-BEE9-46E5-8F1E-A90D5641A14B}.Release|Any CPU.ActiveCfg = Release|Any CPU
		{76C228C1-BEE9-46E5-8F1E-A90D5641A14B}.Release|Any CPU.Build.0 = Release|Any CPU
		{A0108BD1-C398-4105-A6EB-7ECC5E39133E}.Debug|Any CPU.ActiveCfg = Debug|Any CPU
		{A0108BD1-C398-4105-A6EB-7ECC5E39133E}.Debug|Any CPU.Build.0 = Debug|Any CPU
		{A0108BD1-C398-4105-A6EB-7ECC5E39133E}.Release|Any CPU.ActiveCfg = Release|Any CPU
		{A0108BD1-C398-4105-A6EB-7ECC5E39133E}.Release|Any CPU.Build.0 = Release|Any CPU
		{75906AF1-35A6-4C37-8847-C66498727C8A}.Debug|Any CPU.ActiveCfg = Debug|Any CPU
		{75906AF1-35A6-4C37-8847-C66498727C8A}.Debug|Any CPU.Build.0 = Debug|Any CPU
		{75906AF1-35A6-4C37-8847-C66498727C8A}.Release|Any CPU.ActiveCfg = Release|Any CPU
		{75906AF1-35A6-4C37-8847-C66498727C8A}.Release|Any CPU.Build.0 = Release|Any CPU
		{AE38623B-0038-4D2B-AE92-16BD6B0C6F3A}.Debug|Any CPU.ActiveCfg = Debug|Any CPU
		{AE38623B-0038-4D2B-AE92-16BD6B0C6F3A}.Debug|Any CPU.Build.0 = Debug|Any CPU
		{AE38623B-0038-4D2B-AE92-16BD6B0C6F3A}.Release|Any CPU.ActiveCfg = Release|Any CPU
		{AE38623B-0038-4D2B-AE92-16BD6B0C6F3A}.Release|Any CPU.Build.0 = Release|Any CPU
		{A99C208A-8E28-4B2C-8DC4-A96DB586FB22}.Debug|Any CPU.ActiveCfg = Debug|Any CPU
		{A99C208A-8E28-4B2C-8DC4-A96DB586FB22}.Debug|Any CPU.Build.0 = Debug|Any CPU
		{A99C208A-8E28-4B2C-8DC4-A96DB586FB22}.Release|Any CPU.ActiveCfg = Release|Any CPU
		{A99C208A-8E28-4B2C-8DC4-A96DB586FB22}.Release|Any CPU.Build.0 = Release|Any CPU
		{24BA2806-70AD-4795-9FC3-114EB1FD1033}.Debug|Any CPU.ActiveCfg = Debug|Any CPU
		{24BA2806-70AD-4795-9FC3-114EB1FD1033}.Debug|Any CPU.Build.0 = Debug|Any CPU
		{24BA2806-70AD-4795-9FC3-114EB1FD1033}.Release|Any CPU.ActiveCfg = Release|Any CPU
		{24BA2806-70AD-4795-9FC3-114EB1FD1033}.Release|Any CPU.Build.0 = Release|Any CPU
		{2C05BB29-3ECC-4ABB-9EBC-CCD70F80DDE3}.Debug|Any CPU.ActiveCfg = Debug|Any CPU
		{2C05BB29-3ECC-4ABB-9EBC-CCD70F80DDE3}.Debug|Any CPU.Build.0 = Debug|Any CPU
		{2C05BB29-3ECC-4ABB-9EBC-CCD70F80DDE3}.Release|Any CPU.ActiveCfg = Release|Any CPU
		{2C05BB29-3ECC-4ABB-9EBC-CCD70F80DDE3}.Release|Any CPU.Build.0 = Release|Any CPU
		{B43C6686-8082-48F2-9CD8-F5554DE93187}.Debug|Any CPU.ActiveCfg = Debug|Any CPU
		{B43C6686-8082-48F2-9CD8-F5554DE93187}.Debug|Any CPU.Build.0 = Debug|Any CPU
		{B43C6686-8082-48F2-9CD8-F5554DE93187}.Release|Any CPU.ActiveCfg = Release|Any CPU
		{B43C6686-8082-48F2-9CD8-F5554DE93187}.Release|Any CPU.Build.0 = Release|Any CPU
		{2B700542-BDD0-4366-B899-D656AD469F9D}.Debug|Any CPU.ActiveCfg = Debug|Any CPU
		{2B700542-BDD0-4366-B899-D656AD469F9D}.Debug|Any CPU.Build.0 = Debug|Any CPU
		{2B700542-BDD0-4366-B899-D656AD469F9D}.Release|Any CPU.ActiveCfg = Release|Any CPU
		{2B700542-BDD0-4366-B899-D656AD469F9D}.Release|Any CPU.Build.0 = Release|Any CPU
		{BAB2C1B4-8346-4635-B96A-4908C3F4C8C2}.Debug|Any CPU.ActiveCfg = Debug|Any CPU
		{BAB2C1B4-8346-4635-B96A-4908C3F4C8C2}.Debug|Any CPU.Build.0 = Debug|Any CPU
		{BAB2C1B4-8346-4635-B96A-4908C3F4C8C2}.Release|Any CPU.ActiveCfg = Release|Any CPU
		{BAB2C1B4-8346-4635-B96A-4908C3F4C8C2}.Release|Any CPU.Build.0 = Release|Any CPU
		{4F587C9F-9611-4DEC-8A23-5296478BDCDE}.Debug|Any CPU.ActiveCfg = Debug|Any CPU
		{4F587C9F-9611-4DEC-8A23-5296478BDCDE}.Debug|Any CPU.Build.0 = Debug|Any CPU
		{4F587C9F-9611-4DEC-8A23-5296478BDCDE}.Release|Any CPU.ActiveCfg = Release|Any CPU
		{4F587C9F-9611-4DEC-8A23-5296478BDCDE}.Release|Any CPU.Build.0 = Release|Any CPU
		{41F88D0A-C856-4A26-AD6B-3722039DDA29}.Debug|Any CPU.ActiveCfg = Debug|Any CPU
		{41F88D0A-C856-4A26-AD6B-3722039DDA29}.Debug|Any CPU.Build.0 = Debug|Any CPU
		{41F88D0A-C856-4A26-AD6B-3722039DDA29}.Release|Any CPU.ActiveCfg = Release|Any CPU
		{41F88D0A-C856-4A26-AD6B-3722039DDA29}.Release|Any CPU.Build.0 = Release|Any CPU
		{2145A838-3E79-4F63-BC9E-67126F24DC79}.Debug|Any CPU.ActiveCfg = Debug|Any CPU
		{2145A838-3E79-4F63-BC9E-67126F24DC79}.Debug|Any CPU.Build.0 = Debug|Any CPU
		{2145A838-3E79-4F63-BC9E-67126F24DC79}.Release|Any CPU.ActiveCfg = Release|Any CPU
		{2145A838-3E79-4F63-BC9E-67126F24DC79}.Release|Any CPU.Build.0 = Release|Any CPU
		{9B8D557F-993A-4814-A2BC-E032663BE085}.Debug|Any CPU.ActiveCfg = Debug|Any CPU
		{9B8D557F-993A-4814-A2BC-E032663BE085}.Debug|Any CPU.Build.0 = Debug|Any CPU
		{9B8D557F-993A-4814-A2BC-E032663BE085}.Release|Any CPU.ActiveCfg = Release|Any CPU
		{9B8D557F-993A-4814-A2BC-E032663BE085}.Release|Any CPU.Build.0 = Release|Any CPU
		{15999BEA-4E2A-47BA-8404-E11371A83912}.Debug|Any CPU.ActiveCfg = Debug|Any CPU
		{15999BEA-4E2A-47BA-8404-E11371A83912}.Debug|Any CPU.Build.0 = Debug|Any CPU
		{15999BEA-4E2A-47BA-8404-E11371A83912}.Release|Any CPU.ActiveCfg = Release|Any CPU
		{15999BEA-4E2A-47BA-8404-E11371A83912}.Release|Any CPU.Build.0 = Release|Any CPU
		{8718944A-302B-4679-98ED-0C5966F21547}.Debug|Any CPU.ActiveCfg = Debug|Any CPU
		{8718944A-302B-4679-98ED-0C5966F21547}.Debug|Any CPU.Build.0 = Debug|Any CPU
		{8718944A-302B-4679-98ED-0C5966F21547}.Release|Any CPU.ActiveCfg = Release|Any CPU
		{8718944A-302B-4679-98ED-0C5966F21547}.Release|Any CPU.Build.0 = Release|Any CPU
		{0F586FC0-7F0D-43F4-A44B-0B98EFDE9C7D}.Debug|Any CPU.ActiveCfg = Debug|Any CPU
		{0F586FC0-7F0D-43F4-A44B-0B98EFDE9C7D}.Debug|Any CPU.Build.0 = Debug|Any CPU
		{0F586FC0-7F0D-43F4-A44B-0B98EFDE9C7D}.Release|Any CPU.ActiveCfg = Release|Any CPU
		{0F586FC0-7F0D-43F4-A44B-0B98EFDE9C7D}.Release|Any CPU.Build.0 = Release|Any CPU
		{EB018F77-572F-47D9-AC04-FB2E7EFBDCDB}.Debug|Any CPU.ActiveCfg = Debug|Any CPU
		{EB018F77-572F-47D9-AC04-FB2E7EFBDCDB}.Debug|Any CPU.Build.0 = Debug|Any CPU
		{EB018F77-572F-47D9-AC04-FB2E7EFBDCDB}.Release|Any CPU.ActiveCfg = Release|Any CPU
		{EB018F77-572F-47D9-AC04-FB2E7EFBDCDB}.Release|Any CPU.Build.0 = Release|Any CPU
		{337AD931-0D17-472F-BF8E-6C1687A10673}.Debug|Any CPU.ActiveCfg = Debug|Any CPU
		{337AD931-0D17-472F-BF8E-6C1687A10673}.Debug|Any CPU.Build.0 = Debug|Any CPU
		{337AD931-0D17-472F-BF8E-6C1687A10673}.Release|Any CPU.ActiveCfg = Release|Any CPU
		{337AD931-0D17-472F-BF8E-6C1687A10673}.Release|Any CPU.Build.0 = Release|Any CPU
		{FBB0B85B-8F92-44FE-9142-B413430DE7C8}.Debug|Any CPU.ActiveCfg = Debug|Any CPU
		{FBB0B85B-8F92-44FE-9142-B413430DE7C8}.Debug|Any CPU.Build.0 = Debug|Any CPU
		{FBB0B85B-8F92-44FE-9142-B413430DE7C8}.Release|Any CPU.ActiveCfg = Release|Any CPU
		{FBB0B85B-8F92-44FE-9142-B413430DE7C8}.Release|Any CPU.Build.0 = Release|Any CPU
	EndGlobalSection
	GlobalSection(SolutionProperties) = preSolution
		HideSolutionNode = FALSE
	EndGlobalSection
	GlobalSection(NestedProjects) = preSolution
		{5F7A45D1-C179-4695-BEC4-F383E4887DDA} = {500C7B16-D169-4751-BEAD-CAEF14B614D2}
		{2D3D327D-0F8D-438D-9276-1C23924C2599} = {500C7B16-D169-4751-BEAD-CAEF14B614D2}
		{F268B93C-9115-47D8-86F9-F1718B9FF2E1} = {500C7B16-D169-4751-BEAD-CAEF14B614D2}
		{994120A6-44F5-4010-9B6A-FB9E762D497A} = {500C7B16-D169-4751-BEAD-CAEF14B614D2}
		{53349BE5-BA36-4B69-8E83-C79A338E14CA} = {500C7B16-D169-4751-BEAD-CAEF14B614D2}
		{76C228C1-BEE9-46E5-8F1E-A90D5641A14B} = {500C7B16-D169-4751-BEAD-CAEF14B614D2}
		{A0108BD1-C398-4105-A6EB-7ECC5E39133E} = {500C7B16-D169-4751-BEAD-CAEF14B614D2}
		{75906AF1-35A6-4C37-8847-C66498727C8A} = {500C7B16-D169-4751-BEAD-CAEF14B614D2}
		{AE38623B-0038-4D2B-AE92-16BD6B0C6F3A} = {500C7B16-D169-4751-BEAD-CAEF14B614D2}
		{A99C208A-8E28-4B2C-8DC4-A96DB586FB22} = {500C7B16-D169-4751-BEAD-CAEF14B614D2}
		{24BA2806-70AD-4795-9FC3-114EB1FD1033} = {500C7B16-D169-4751-BEAD-CAEF14B614D2}
		{2C05BB29-3ECC-4ABB-9EBC-CCD70F80DDE3} = {500C7B16-D169-4751-BEAD-CAEF14B614D2}
		{B43C6686-8082-48F2-9CD8-F5554DE93187} = {500C7B16-D169-4751-BEAD-CAEF14B614D2}
		{2B700542-BDD0-4366-B899-D656AD469F9D} = {500C7B16-D169-4751-BEAD-CAEF14B614D2}
		{BAB2C1B4-8346-4635-B96A-4908C3F4C8C2} = {500C7B16-D169-4751-BEAD-CAEF14B614D2}
		{4F587C9F-9611-4DEC-8A23-5296478BDCDE} = {500C7B16-D169-4751-BEAD-CAEF14B614D2}
		{41F88D0A-C856-4A26-AD6B-3722039DDA29} = {500C7B16-D169-4751-BEAD-CAEF14B614D2}
		{2145A838-3E79-4F63-BC9E-67126F24DC79} = {500C7B16-D169-4751-BEAD-CAEF14B614D2}
		{9B8D557F-993A-4814-A2BC-E032663BE085} = {500C7B16-D169-4751-BEAD-CAEF14B614D2}
		{15999BEA-4E2A-47BA-8404-E11371A83912} = {500C7B16-D169-4751-BEAD-CAEF14B614D2}
		{8718944A-302B-4679-98ED-0C5966F21547} = {500C7B16-D169-4751-BEAD-CAEF14B614D2}
		{0F586FC0-7F0D-43F4-A44B-0B98EFDE9C7D} = {500C7B16-D169-4751-BEAD-CAEF14B614D2}
		{EB018F77-572F-47D9-AC04-FB2E7EFBDCDB} = {500C7B16-D169-4751-BEAD-CAEF14B614D2}
		{6B89AD01-55C9-412D-BEC9-9E9FA19D5804} = {AF78D908-1C11-4EB4-A274-6FCD7086EDCE}
		{337AD931-0D17-472F-BF8E-6C1687A10673} = {AF78D908-1C11-4EB4-A274-6FCD7086EDCE}
		{D5E8E676-F18F-4E35-A9CD-FC63C4E2F060} = {53349BE5-BA36-4B69-8E83-C79A338E14CA}
		{FBB0B85B-8F92-44FE-9142-B413430DE7C8} = {53349BE5-BA36-4B69-8E83-C79A338E14CA}
	EndGlobalSection
EndGlobal
